
Microsoft Visual Studio Solution File, Format Version 12.00
# Visual Studio Version 16
VisualStudioVersion = 16.0.30611.23
MinimumVisualStudioVersion = 10.0.40219.1
Project("{9A19103F-16F7-4668-BE54-9A1E7A4F7556}") = "Caching", "Caching\Caching.csproj", "{00E82D25-1E65-4470-B09D-919DADB17772}"
EndProject
Project("{9A19103F-16F7-4668-BE54-9A1E7A4F7556}") = "Core", "Core\Core.csproj", "{26730169-50D7-400C-BB56-CE1732D808E8}"
EndProject
Project("{9A19103F-16F7-4668-BE54-9A1E7A4F7556}") = "Collection", "Collection\Collection.csproj", "{333CCBF3-3534-4FD6-AD29-53C9D1AD319A}"
EndProject
Project("{9A19103F-16F7-4668-BE54-9A1E7A4F7556}") = "Guard", "Guard\Guard.csproj", "{245C1C7E-F5F6-4FE4-8A19-65FB59F1FD77}"
EndProject
Project("{9A19103F-16F7-4668-BE54-9A1E7A4F7556}") = "Caching.Test", "Caching.Test\Caching.Test.csproj", "{E7EADDA0-15A8-4384-80EF-AA7497A82E18}"
EndProject
Project("{FAE04EC0-301F-11D3-BF4B-00C04F79EFBC}") = "ValueObject", "ValueObject\ValueObject.csproj", "{F67D521B-1673-4491-A6A4-0B180F634A02}"
EndProject
Project("{FAE04EC0-301F-11D3-BF4B-00C04F79EFBC}") = "ValueObject.Test", "ValueObject.Test\ValueObject.Test.csproj", "{65C51AAA-D178-4415-84F5-0BE26C61DC89}"
EndProject
Project("{2150E333-8FDC-42A3-9474-1A3956D46DE8}") = "Project", "Project", "{E1BAFCE5-F312-44FF-ADE1-FBA9E94BB124}"
EndProject
Project("{2150E333-8FDC-42A3-9474-1A3956D46DE8}") = "Caching", "Caching", "{04B72FCC-34CF-43DE-9324-6D95840CF40B}"
EndProject
Project("{2150E333-8FDC-42A3-9474-1A3956D46DE8}") = "Src", "Src", "{814DFE18-6C8A-41E3-BCC2-2EC80E3A15DE}"
EndProject
Project("{2150E333-8FDC-42A3-9474-1A3956D46DE8}") = "Test", "Test", "{08569D50-B4E4-4AB5-A293-C85EE77EBEDC}"
EndProject
Project("{2150E333-8FDC-42A3-9474-1A3956D46DE8}") = "Collection", "Collection", "{AD9691FD-B985-49C1-983F-D1A8779E3381}"
EndProject
Project("{2150E333-8FDC-42A3-9474-1A3956D46DE8}") = "Src", "Src", "{2F0EF5DF-48CE-44FB-AA7D-B8CA705E7ABE}"
EndProject
Project("{2150E333-8FDC-42A3-9474-1A3956D46DE8}") = "Test", "Test", "{D3FCBE75-DE92-4EFE-860E-AC500B562E77}"
EndProject
Project("{2150E333-8FDC-42A3-9474-1A3956D46DE8}") = "Core", "Core", "{DB1E065E-862C-45A9-A846-B577269AE741}"
EndProject
Project("{2150E333-8FDC-42A3-9474-1A3956D46DE8}") = "Src", "Src", "{4BC7167D-2C96-45CE-BD8F-DE76B58DDDC5}"
EndProject
Project("{2150E333-8FDC-42A3-9474-1A3956D46DE8}") = "Test", "Test", "{D74C7854-612B-4C5A-BBAB-87F9CD8A047F}"
EndProject
Project("{2150E333-8FDC-42A3-9474-1A3956D46DE8}") = "Guard", "Guard", "{5631B5C4-3F7B-4BB3-B8E8-C21B7CC40CC7}"
EndProject
Project("{2150E333-8FDC-42A3-9474-1A3956D46DE8}") = "Src", "Src", "{80A064D8-F809-4199-A192-EDB59E6D76EB}"
EndProject
Project("{2150E333-8FDC-42A3-9474-1A3956D46DE8}") = "Test", "Test", "{2A943B49-CE4E-4372-B7E8-27A3A44D34BB}"
EndProject
Project("{2150E333-8FDC-42A3-9474-1A3956D46DE8}") = "ValueObject", "ValueObject", "{091FC908-A5D2-4054-88AB-CF99FE78AB0E}"
EndProject
Project("{2150E333-8FDC-42A3-9474-1A3956D46DE8}") = "Src", "Src", "{CCFDA176-ABC6-4F18-A2A8-177C6C0B8962}"
EndProject
Project("{2150E333-8FDC-42A3-9474-1A3956D46DE8}") = "Test", "Test", "{96D16DC7-3ECB-4174-8F70-E40813C9CB41}"
EndProject
Global
	GlobalSection(SolutionConfigurationPlatforms) = preSolution
		Debug|Any CPU = Debug|Any CPU
		Release|Any CPU = Release|Any CPU
	EndGlobalSection
	GlobalSection(ProjectConfigurationPlatforms) = postSolution
		{00E82D25-1E65-4470-B09D-919DADB17772}.Debug|Any CPU.ActiveCfg = Debug|Any CPU
		{00E82D25-1E65-4470-B09D-919DADB17772}.Debug|Any CPU.Build.0 = Debug|Any CPU
		{00E82D25-1E65-4470-B09D-919DADB17772}.Release|Any CPU.ActiveCfg = Release|Any CPU
		{00E82D25-1E65-4470-B09D-919DADB17772}.Release|Any CPU.Build.0 = Release|Any CPU
		{26730169-50D7-400C-BB56-CE1732D808E8}.Debug|Any CPU.ActiveCfg = Debug|Any CPU
		{26730169-50D7-400C-BB56-CE1732D808E8}.Debug|Any CPU.Build.0 = Debug|Any CPU
		{26730169-50D7-400C-BB56-CE1732D808E8}.Release|Any CPU.ActiveCfg = Release|Any CPU
		{26730169-50D7-400C-BB56-CE1732D808E8}.Release|Any CPU.Build.0 = Release|Any CPU
		{333CCBF3-3534-4FD6-AD29-53C9D1AD319A}.Debug|Any CPU.ActiveCfg = Debug|Any CPU
		{333CCBF3-3534-4FD6-AD29-53C9D1AD319A}.Debug|Any CPU.Build.0 = Debug|Any CPU
		{333CCBF3-3534-4FD6-AD29-53C9D1AD319A}.Release|Any CPU.ActiveCfg = Release|Any CPU
		{333CCBF3-3534-4FD6-AD29-53C9D1AD319A}.Release|Any CPU.Build.0 = Release|Any CPU
		{245C1C7E-F5F6-4FE4-8A19-65FB59F1FD77}.Debug|Any CPU.ActiveCfg = Debug|Any CPU
		{245C1C7E-F5F6-4FE4-8A19-65FB59F1FD77}.Debug|Any CPU.Build.0 = Debug|Any CPU
		{245C1C7E-F5F6-4FE4-8A19-65FB59F1FD77}.Release|Any CPU.ActiveCfg = Release|Any CPU
		{245C1C7E-F5F6-4FE4-8A19-65FB59F1FD77}.Release|Any CPU.Build.0 = Release|Any CPU
		{E7EADDA0-15A8-4384-80EF-AA7497A82E18}.Debug|Any CPU.ActiveCfg = Debug|Any CPU
		{E7EADDA0-15A8-4384-80EF-AA7497A82E18}.Debug|Any CPU.Build.0 = Debug|Any CPU
		{E7EADDA0-15A8-4384-80EF-AA7497A82E18}.Release|Any CPU.ActiveCfg = Release|Any CPU
		{E7EADDA0-15A8-4384-80EF-AA7497A82E18}.Release|Any CPU.Build.0 = Release|Any CPU
		{F67D521B-1673-4491-A6A4-0B180F634A02}.Debug|Any CPU.ActiveCfg = Debug|Any CPU
		{F67D521B-1673-4491-A6A4-0B180F634A02}.Debug|Any CPU.Build.0 = Debug|Any CPU
		{F67D521B-1673-4491-A6A4-0B180F634A02}.Release|Any CPU.ActiveCfg = Release|Any CPU
		{F67D521B-1673-4491-A6A4-0B180F634A02}.Release|Any CPU.Build.0 = Release|Any CPU
		{65C51AAA-D178-4415-84F5-0BE26C61DC89}.Debug|Any CPU.ActiveCfg = Debug|Any CPU
		{65C51AAA-D178-4415-84F5-0BE26C61DC89}.Debug|Any CPU.Build.0 = Debug|Any CPU
		{65C51AAA-D178-4415-84F5-0BE26C61DC89}.Release|Any CPU.ActiveCfg = Release|Any CPU
		{65C51AAA-D178-4415-84F5-0BE26C61DC89}.Release|Any CPU.Build.0 = Release|Any CPU
	EndGlobalSection
	GlobalSection(SolutionProperties) = preSolution
		HideSolutionNode = FALSE
	EndGlobalSection
	GlobalSection(NestedProjects) = preSolution
		{00E82D25-1E65-4470-B09D-919DADB17772} = {814DFE18-6C8A-41E3-BCC2-2EC80E3A15DE}
		{26730169-50D7-400C-BB56-CE1732D808E8} = {4BC7167D-2C96-45CE-BD8F-DE76B58DDDC5}
		{333CCBF3-3534-4FD6-AD29-53C9D1AD319A} = {2F0EF5DF-48CE-44FB-AA7D-B8CA705E7ABE}
		{245C1C7E-F5F6-4FE4-8A19-65FB59F1FD77} = {80A064D8-F809-4199-A192-EDB59E6D76EB}
		{E7EADDA0-15A8-4384-80EF-AA7497A82E18} = {08569D50-B4E4-4AB5-A293-C85EE77EBEDC}
		{F67D521B-1673-4491-A6A4-0B180F634A02} = {CCFDA176-ABC6-4F18-A2A8-177C6C0B8962}
		{65C51AAA-D178-4415-84F5-0BE26C61DC89} = {96D16DC7-3ECB-4174-8F70-E40813C9CB41}
		{04B72FCC-34CF-43DE-9324-6D95840CF40B} = {E1BAFCE5-F312-44FF-ADE1-FBA9E94BB124}
		{814DFE18-6C8A-41E3-BCC2-2EC80E3A15DE} = {04B72FCC-34CF-43DE-9324-6D95840CF40B}
		{08569D50-B4E4-4AB5-A293-C85EE77EBEDC} = {04B72FCC-34CF-43DE-9324-6D95840CF40B}
		{AD9691FD-B985-49C1-983F-D1A8779E3381} = {E1BAFCE5-F312-44FF-ADE1-FBA9E94BB124}
		{2F0EF5DF-48CE-44FB-AA7D-B8CA705E7ABE} = {AD9691FD-B985-49C1-983F-D1A8779E3381}
		{D3FCBE75-DE92-4EFE-860E-AC500B562E77} = {AD9691FD-B985-49C1-983F-D1A8779E3381}
		{DB1E065E-862C-45A9-A846-B577269AE741} = {E1BAFCE5-F312-44FF-ADE1-FBA9E94BB124}
		{4BC7167D-2C96-45CE-BD8F-DE76B58DDDC5} = {DB1E065E-862C-45A9-A846-B577269AE741}
		{D74C7854-612B-4C5A-BBAB-87F9CD8A047F} = {DB1E065E-862C-45A9-A846-B577269AE741}
		{5631B5C4-3F7B-4BB3-B8E8-C21B7CC40CC7} = {E1BAFCE5-F312-44FF-ADE1-FBA9E94BB124}
		{80A064D8-F809-4199-A192-EDB59E6D76EB} = {5631B5C4-3F7B-4BB3-B8E8-C21B7CC40CC7}
		{2A943B49-CE4E-4372-B7E8-27A3A44D34BB} = {5631B5C4-3F7B-4BB3-B8E8-C21B7CC40CC7}
		{091FC908-A5D2-4054-88AB-CF99FE78AB0E} = {E1BAFCE5-F312-44FF-ADE1-FBA9E94BB124}
		{CCFDA176-ABC6-4F18-A2A8-177C6C0B8962} = {091FC908-A5D2-4054-88AB-CF99FE78AB0E}
		{96D16DC7-3ECB-4174-8F70-E40813C9CB41} = {091FC908-A5D2-4054-88AB-CF99FE78AB0E}
	EndGlobalSection
	GlobalSection(ExtensibilityGlobals) = postSolution
		SolutionGuid = {6C025A26-43EE-414C-9163-B51BB38CDA15}
	EndGlobalSection
EndGlobal
