
Microsoft Visual Studio Solution File, Format Version 12.00
# Visual Studio Version 16
VisualStudioVersion = 16.0.30717.126
MinimumVisualStudioVersion = 10.0.40219.1
Project("{2150E333-8FDC-42A3-9474-1A3956D46DE8}") = "Src", "Src", "{AB217CA6-666D-43FA-9AAD-5876D8E12349}"
EndProject
Project("{FAE04EC0-301F-11D3-BF4B-00C04F79EFBC}") = "Configuration", "Configuration\Configuration.csproj", "{F4273BEB-9CCC-44CC-A098-A1D1648BEFD7}"
EndProject
Global
	GlobalSection(SolutionConfigurationPlatforms) = preSolution
		Debug|Any CPU = Debug|Any CPU
		Release|Any CPU = Release|Any CPU
	EndGlobalSection
	GlobalSection(ProjectConfigurationPlatforms) = postSolution
		{F4273BEB-9CCC-44CC-A098-A1D1648BEFD7}.Debug|Any CPU.ActiveCfg = Debug|Any CPU
		{F4273BEB-9CCC-44CC-A098-A1D1648BEFD7}.Debug|Any CPU.Build.0 = Debug|Any CPU
		{F4273BEB-9CCC-44CC-A098-A1D1648BEFD7}.Release|Any CPU.ActiveCfg = Release|Any CPU
		{F4273BEB-9CCC-44CC-A098-A1D1648BEFD7}.Release|Any CPU.Build.0 = Release|Any CPU
	EndGlobalSection
	GlobalSection(SolutionProperties) = preSolution
		HideSolutionNode = FALSE
	EndGlobalSection
	GlobalSection(NestedProjects) = preSolution
		{F4273BEB-9CCC-44CC-A098-A1D1648BEFD7} = {AB217CA6-666D-43FA-9AAD-5876D8E12349}
	EndGlobalSection
	GlobalSection(ExtensibilityGlobals) = postSolution
		SolutionGuid = {4573F93B-4638-47C2-A124-3022FB509AE1}
	EndGlobalSection
EndGlobal
